
Microsoft Visual Studio Solution File, Format Version 12.00
# Visual Studio 14
VisualStudioVersion = 14.0.23107.0
MinimumVisualStudioVersion = 10.0.40219.1
Project("{F184B08F-C81C-45F6-A57F-5ABD9991F28F}") = "ServerDownHost", "ServerDownHost\ServerDownHost.vbproj", "{FBF75064-2B10-411F-BD0B-826EB01680A9}"
EndProject
Project("{F184B08F-C81C-45F6-A57F-5ABD9991F28F}") = "ServerDownClient", "ServerDownClient\ServerDownClient.vbproj", "{F4D35A5D-F5EC-4AB2-AE6E-E20324157901}"
EndProject
Project("{F184B08F-C81C-45F6-A57F-5ABD9991F28F}") = "ServerDownHostLaunch", "ServerDownHostLaunch\ServerDownHostLaunch.vbproj", "{7D25D123-2885-4A3E-B5E8-A5FA0BB6A5B3}"
EndProject
Project("{F184B08F-C81C-45F6-A57F-5ABD9991F28F}") = "ServerDownClassLibrary", "ServerDownClassLibrary\ServerDownClassLibrary.vbproj", "{12294DBD-5545-47B9-AB69-13AAAD00DFD1}"
EndProject
Global
	GlobalSection(SolutionConfigurationPlatforms) = preSolution
		Debug|Any CPU = Debug|Any CPU
		Release|Any CPU = Release|Any CPU
	EndGlobalSection
	GlobalSection(ProjectConfigurationPlatforms) = postSolution
		{FBF75064-2B10-411F-BD0B-826EB01680A9}.Debug|Any CPU.ActiveCfg = Debug|Any CPU
		{FBF75064-2B10-411F-BD0B-826EB01680A9}.Debug|Any CPU.Build.0 = Debug|Any CPU
		{FBF75064-2B10-411F-BD0B-826EB01680A9}.Release|Any CPU.ActiveCfg = Release|Any CPU
		{FBF75064-2B10-411F-BD0B-826EB01680A9}.Release|Any CPU.Build.0 = Release|Any CPU
		{F4D35A5D-F5EC-4AB2-AE6E-E20324157901}.Debug|Any CPU.ActiveCfg = Debug|Any CPU
		{F4D35A5D-F5EC-4AB2-AE6E-E20324157901}.Debug|Any CPU.Build.0 = Debug|Any CPU
		{F4D35A5D-F5EC-4AB2-AE6E-E20324157901}.Release|Any CPU.ActiveCfg = Release|Any CPU
		{F4D35A5D-F5EC-4AB2-AE6E-E20324157901}.Release|Any CPU.Build.0 = Release|Any CPU
		{7D25D123-2885-4A3E-B5E8-A5FA0BB6A5B3}.Debug|Any CPU.ActiveCfg = Debug|Any CPU
		{7D25D123-2885-4A3E-B5E8-A5FA0BB6A5B3}.Debug|Any CPU.Build.0 = Debug|Any CPU
		{7D25D123-2885-4A3E-B5E8-A5FA0BB6A5B3}.Release|Any CPU.ActiveCfg = Release|Any CPU
		{7D25D123-2885-4A3E-B5E8-A5FA0BB6A5B3}.Release|Any CPU.Build.0 = Release|Any CPU
		{12294DBD-5545-47B9-AB69-13AAAD00DFD1}.Debug|Any CPU.ActiveCfg = Debug|Any CPU
		{12294DBD-5545-47B9-AB69-13AAAD00DFD1}.Debug|Any CPU.Build.0 = Debug|Any CPU
		{12294DBD-5545-47B9-AB69-13AAAD00DFD1}.Release|Any CPU.ActiveCfg = Release|Any CPU
		{12294DBD-5545-47B9-AB69-13AAAD00DFD1}.Release|Any CPU.Build.0 = Release|Any CPU
	EndGlobalSection
	GlobalSection(SolutionProperties) = preSolution
		HideSolutionNode = FALSE
	EndGlobalSection
EndGlobal
